Microsoft Visual Studio Solution File, Format Version 12.00
# Visual Studio Version 17
VisualStudioVersion = 17.5.2.0
MinimumVisualStudioVersion = 10.0.40219.1
Project("{FAE04EC0-301F-11D3-BF4B-00C04F79EFBC}") = "DnDWebApi", "DnDWebApi\DnDWebApi.csproj", "{54A0CC57-26E0-EA19-99DD-B1AB68CB02E7}"
EndProject
Project("{FAE04EC0-301F-11D3-BF4B-00C04F79EFBC}") = "Common", "Common\Common.csproj", "{35B9B16F-D091-4000-A0BC-90EBF374AF16}"
EndProject
Global
	GlobalSection(SolutionConfigurationPlatforms) = preSolution
		Debug|Any CPU = Debug|Any CPU
		Release|Any CPU = Release|Any CPU
	EndGlobalSection
	GlobalSection(ProjectConfigurationPlatforms) = postSolution
		{54A0CC57-26E0-EA19-99DD-B1AB68CB02E7}.Debug|Any CPU.ActiveCfg = Debug|Any CPU
		{54A0CC57-26E0-EA19-99DD-B1AB68CB02E7}.Debug|Any CPU.Build.0 = Debug|Any CPU
		{54A0CC57-26E0-EA19-99DD-B1AB68CB02E7}.Release|Any CPU.ActiveCfg = Release|Any CPU
		{54A0CC57-26E0-EA19-99DD-B1AB68CB02E7}.Release|Any CPU.Build.0 = Release|Any CPU
		{35B9B16F-D091-4000-A0BC-90EBF374AF16}.Debug|Any CPU.ActiveCfg = Debug|Any CPU
		{35B9B16F-D091-4000-A0BC-90EBF374AF16}.Debug|Any CPU.Build.0 = Debug|Any CPU
		{35B9B16F-D091-4000-A0BC-90EBF374AF16}.Release|Any CPU.ActiveCfg = Release|Any CPU
		{35B9B16F-D091-4000-A0BC-90EBF374AF16}.Release|Any CPU.Build.0 = Release|Any CPU
	EndGlobalSection
	GlobalSection(SolutionProperties) = preSolution
		HideSolutionNode = FALSE
	EndGlobalSection
	GlobalSection(ExtensibilityGlobals) = postSolution
		SolutionGuid = {63E7E745-869C-44E2-896F-116E0F987D3C}
	EndGlobalSection
EndGlobal
